// !$*UTF8*$!
{
	archiveVersion = 1;
	classes = {
	};
	objectVersion = 46;
	objects = {

/* Begin PBXBuildFile section */
		425FBEB01D51ABE6006E9C29 /* eachIcon.png in Resources */ = {isa = PBXBuildFile; fileRef = 425FBEAC1D51ABE6006E9C29 /* eachIcon.png */; };
		425FBEB11D51ABE6006E9C29 /* Tip Calculator Screenshot.png in Resources */ = {isa = PBXBuildFile; fileRef = 425FBEAD1D51ABE6006E9C29 /* Tip Calculator Screenshot.png */; };
		425FBEB21D51ABE6006E9C29 /* tipIcon.png in Resources */ = {isa = PBXBuildFile; fileRef = 425FBEAE1D51ABE6006E9C29 /* tipIcon.png */; };
		425FBEB31D51ABE6006E9C29 /* totalIcon.png in Resources */ = {isa = PBXBuildFile; fileRef = 425FBEAF1D51ABE6006E9C29 /* totalIcon.png */; };
		42C742E61D506DC700DC751A /* AppDelegate.swift in Sources */ = {isa = PBXBuildFile; fileRef = 42C742E51D506DC700DC751A /* AppDelegate.swift */; };
		42C742E81D506DC700DC751A /* ViewController.swift in Sources */ = {isa = PBXBuildFile; fileRef = 42C742E71D506DC700DC751A /* ViewController.swift */; };
		42C742EB1D506DC700DC751A /* Main.storyboard in Resources */ = {isa = PBXBuildFile; fileRef = 42C742E91D506DC700DC751A /* Main.storyboard */; };
		42C742ED1D506DC700DC751A /* Assets.xcassets in Resources */ = {isa = PBXBuildFile; fileRef = 42C742EC1D506DC700DC751A /* Assets.xcassets */; };
		42C742F01D506DC700DC751A /* LaunchScreen.storyboard in Resources */ = {isa = PBXBuildFile; fileRef = 42C742EE1D506DC700DC751A /* LaunchScreen.storyboard */; };
/* End PBXBuildFile section */

/* Begin PBXFileReference section */
		425FBEAC1D51ABE6006E9C29 /* eachIcon.png */ = {isa = PBXFileReference; lastKnownFileType = image.png; path = eachIcon.png; sourceTree = "<group>"; };
		425FBEAD1D51ABE6006E9C29 /* Tip Calculator Screenshot.png */ = {isa = PBXFileReference; lastKnownFileType = image.png; path = "Tip Calculator Screenshot.png"; sourceTree = "<group>"; };
		425FBEAE1D51ABE6006E9C29 /* tipIcon.png */ = {isa = PBXFileReference; lastKnownFileType = image.png; path = tipIcon.png; sourceTree = "<group>"; };
		425FBEAF1D51ABE6006E9C29 /* totalIcon.png */ = {isa = PBXFileReference; lastKnownFileType = image.png; path = totalIcon.png; sourceTree = "<group>"; };
		42C742E21D506DC700DC751A /* Tipsy iOS App.app */ = {isa = PBXFileReference; explicitFileType = wrapper.application; includeInIndex = 0; path = "Tipsy iOS App.app"; sourceTree = BUILT_PRODUCTS_DIR; };
		42C742E51D506DC700DC751A /* AppDelegate.swift */ = {isa = PBXFileReference; lastKnownFileType = sourcecode.swift; path = AppDelegate.swift; sourceTree = "<group>"; };
		42C742E71D506DC700DC751A /* ViewController.swift */ = {isa = PBXFileReference; lastKnownFileType = sourcecode.swift; name = ViewController.swift; path = "Tipsy iOS App/ViewController.swift"; sourceTree = "<group>"; };
		42C742EA1D506DC700DC751A /* Base */ = {isa = PBXFileReference; lastKnownFileType = file.storyboard; name = Base; path = Base.lproj/Main.storyboard; sourceTree = "<group>"; };
		42C742EC1D506DC700DC751A /* Assets.xcassets */ = {isa = PBXFileReference; lastKnownFileType = folder.assetcatalog; path = Assets.xcassets; sourceTree = "<group>"; };
		42C742EF1D506DC700DC751A /* Base */ = {isa = PBXFileReference; lastKnownFileType = file.storyboard; name = Base; path = Base.lproj/LaunchScreen.storyboard; sourceTree = "<group>"; };
		42C742F11D506DC700DC751A /* Info.plist */ = {isa = PBXFileReference; lastKnownFileType = text.plist.xml; path = Info.plist; sourceTree = "<group>"; };
/* End PBXFileReference section */

/* Begin PBXFrameworksBuildPhase section */
		42C742DF1D506DC700DC751A /* Frameworks */ = {
			isa = PBXFrameworksBuildPhase;
			buildActionMask = 2147483647;
			files = (
			);
			runOnlyForDeploymentPostprocessing = 0;
		};
/* End PBXFrameworksBuildPhase section */

/* Begin PBXGroup section */
		425FBE8B1D51A9C6006E9C29 /* Resources */ = {
			isa = PBXGroup;
			children = (
				425FBEAC1D51ABE6006E9C29 /* eachIcon.png */,
				425FBEAD1D51ABE6006E9C29 /* Tip Calculator Screenshot.png */,
				425FBEAE1D51ABE6006E9C29 /* tipIcon.png */,
				425FBEAF1D51ABE6006E9C29 /* totalIcon.png */,
			);
			name = Resources;
			sourceTree = "<group>";
		};
		425FBEB41D51B7E1006E9C29 /* Model */ = {
			isa = PBXGroup;
			children = (
			);
			name = Model;
			sourceTree = "<group>";
		};
		425FBEB51D51B7E8006E9C29 /* View */ = {
			isa = PBXGroup;
			children = (
				42C742E71D506DC700DC751A /* ViewController.swift */,
			);
			name = View;
			sourceTree = "<group>";
		};
		425FBEB61D51B7EC006E9C29 /* Controller */ = {
			isa = PBXGroup;
			children = (
			);
			name = Controller;
			sourceTree = "<group>";
		};
		42C742D91D506DC600DC751A = {
			isa = PBXGroup;
			children = (
				425FBEB41D51B7E1006E9C29 /* Model */,
				425FBEB51D51B7E8006E9C29 /* View */,
				425FBEB61D51B7EC006E9C29 /* Controller */,
				425FBE8B1D51A9C6006E9C29 /* Resources */,
				42C742E41D506DC700DC751A /* Tipsy iOS App */,
				42C742E31D506DC700DC751A /* Products */,
			);
			sourceTree = "<group>";
		};
		42C742E31D506DC700DC751A /* Products */ = {
			isa = PBXGroup;
			children = (
				42C742E21D506DC700DC751A /* Tipsy iOS App.app */,
			);
			name = Products;
			sourceTree = "<group>";
		};
		42C742E41D506DC700DC751A /* Tipsy iOS App */ = {
			isa = PBXGroup;
			children = (
				42C742E51D506DC700DC751A /* AppDelegate.swift */,
				42C742E91D506DC700DC751A /* Main.storyboard */,
				42C742EC1D506DC700DC751A /* Assets.xcassets */,
				42C742EE1D506DC700DC751A /* LaunchScreen.storyboard */,
				42C742F11D506DC700DC751A /* Info.plist */,
			);
			path = "Tipsy iOS App";
			sourceTree = "<group>";
		};
/* End PBXGroup section */

/* Begin PBXNativeTarget section */
		42C742E11D506DC700DC751A /* Tipsy iOS App */ = {
			isa = PBXNativeTarget;
			buildConfigurationList = 42C742F41D506DC700DC751A /* Build configuration list for PBXNativeTarget "Tipsy iOS App" */;
			buildPhases = (
				42C742DE1D506DC700DC751A /* Sources */,
				42C742DF1D506DC700DC751A /* Frameworks */,
				42C742E01D506DC700DC751A /* Resources */,
			);
			buildRules = (
			);
			dependencies = (
			);
			name = "Tipsy iOS App";
			productName = "Tipsy iOS App";
			productReference = 42C742E21D506DC700DC751A /* Tipsy iOS App.app */;
			productType = "com.apple.product-type.application";
		};
/* End PBXNativeTarget section */

/* Begin PBXProject section */
		42C742DA1D506DC600DC751A /* Project object */ = {
			isa = PBXProject;
			attributes = {
				LastSwiftUpdateCheck = 0730;
				LastUpgradeCheck = 0730;
				ORGANIZATIONNAME = Programmer;
				TargetAttributes = {
					42C742E11D506DC700DC751A = {
						CreatedOnToolsVersion = 7.3.1;
					};
				};
			};
			buildConfigurationList = 42C742DD1D506DC600DC751A /* Build configuration list for PBXProject "Tipsy iOS App" */;
			compatibilityVersion = "Xcode 3.2";
			developmentRegion = English;
			hasScannedForEncodings = 0;
			knownRegions = (
				en,
				Base,
			);
			mainGroup = 42C742D91D506DC600DC751A;
			productRefGroup = 42C742E31D506DC700DC751A /* Products */;
			projectDirPath = "";
			projectRoot = "";
			targets = (
				42C742E11D506DC700DC751A /* Tipsy iOS App */,
			);
		};
/* End PBXProject section */

/* Begin PBXResourcesBuildPhase section */
		42C742E01D506DC700DC751A /* Resources */ = {
			isa = PBXResourcesBuildPhase;
			buildActionMask = 2147483647;
			files = (
				425FBEB11D51ABE6006E9C29 /* Tip Calculator Screenshot.png in Resources */,
				42C742F01D506DC700DC751A /* LaunchScreen.storyboard in Resources */,
				425FBEB21D51ABE6006E9C29 /* tipIcon.png in Resources */,
				425FBEB01D51ABE6006E9C29 /* eachIcon.png in Resources */,
				425FBEB31D51ABE6006E9C29 /* totalIcon.png in Resources */,
				42C742ED1D506DC700DC751A /* Assets.xcassets in Resources */,
				42C742EB1D506DC700DC751A /* Main.storyboard in Resources */,
			);
			runOnlyForDeploymentPostprocessing = 0;
		};
/* End PBXResourcesBuildPhase section */

/* Begin PBXSourcesBuildPhase section */
		42C742DE1D506DC700DC751A /* Sources */ = {
			isa = PBXSourcesBuildPhase;
			buildActionMask = 2147483647;
			files = (
				42C742E81D506DC700DC751A /* ViewController.swift in Sources */,
				42C742E61D506DC700DC751A /* AppDelegate.swift in Sources */,
			);
			runOnlyForDeploymentPostprocessing = 0;
		};
/* End PBXSourcesBuildPhase section */

/* Begin PBXVariantGroup section */
		42C742E91D506DC700DC751A /* Main.storyboard */ = {
			isa = PBXVariantGroup;
			children = (
				42C742EA1D506DC700DC751A /* Base */,
			);
			name = Main.storyboard;
			sourceTree = "<group>";
		};
		42C742EE1D506DC700DC751A /* LaunchScreen.storyboard */ = {
			isa = PBXVariantGroup;
			children = (
				42C742EF1D506DC700DC751A /* Base */,
			);
			name = LaunchScreen.storyboard;
			sourceTree = "<group>";
		};
/* End PBXVariantGroup section */

/* Begin XCBuildConfiguration section */
		42C742F21D506DC700DC751A /* Debug */ = {
			isa = XCBuildConfiguration;
			buildSettings = {
				ALWAYS_SEARCH_USER_PATHS = NO;
				CLANG_ANALYZER_NONNULL = YES;
				CLANG_CXX_LANGUAGE_STANDARD = "gnu++0x";
				CLANG_CXX_LIBRARY = "libc++";
				CLANG_ENABLE_MODULES = YES;
				CLANG_ENABLE_OBJC_ARC = YES;
				CLANG_WARN_BOOL_CONVERSION = YES;
				CLANG_WARN_CONSTANT_CONVERSION = YES;
				CLANG_WARN_DIRECT_OBJC_ISA_USAGE = YES_ERROR;
				CLANG_WARN_EMPTY_BODY = YES;
				CLANG_WARN_ENUM_CONVERSION = YES;
				CLANG_WARN_INT_CONVERSION = YES;
				CLANG_WARN_OBJC_ROOT_CLASS = YES_ERROR;
				CLANG_WARN_UNREACHABLE_CODE = YES;
				CLANG_WARN__DUPLICATE_METHOD_MATCH = YES;
				"CODE_SIGN_IDENTITY[sdk=iphoneos*]" = "iPhone Developer";
				COPY_PHASE_STRIP = NO;
				DEBUG_INFORMATION_FORMAT = dwarf;
				ENABLE_STRICT_OBJC_MSGSEND = YES;
				ENABLE_TESTABILITY = YES;
				GCC_C_LANGUAGE_STANDARD = gnu99;
				GCC_DYNAMIC_NO_PIC = NO;
				GCC_NO_COMMON_BLOCKS = YES;
				GCC_OPTIMIZATION_LEVEL = 0;
				GCC_PREPROCESSOR_DEFINITIONS = (
					"DEBUG=1",
					"$(inherited)",
				);
				GCC_WARN_64_TO_32_BIT_CONVERSION = YES;
				GCC_WARN_ABOUT_RETURN_TYPE = YES_ERROR;
				GCC_WARN_UNDECLARED_SELECTOR = YES;
				GCC_WARN_UNINITIALIZED_AUTOS = YES_AGGRESSIVE;
				GCC_WARN_UNUSED_FUNCTION = YES;
				GCC_WARN_UNUSED_VARIABLE = YES;
				IPHONEOS_DEPLOYMENT_TARGET = 9.3;
				MTL_ENABLE_DEBUG_INFO = YES;
				ONLY_ACTIVE_ARCH = YES;
				SDKROOT = iphoneos;
				SWIFT_OPTIMIZATION_LEVEL = "-Onone";
			};
			name = Debug;
		};
		42C742F31D506DC700DC751A /* Release */ = {
			isa = XCBuildConfiguration;
			buildSettings = {
				ALWAYS_SEARCH_USER_PATHS = NO;
				CLANG_ANALYZER_NONNULL = YES;
				CLANG_CXX_LANGUAGE_STANDARD = "gnu++0x";
				CLANG_CXX_LIBRARY = "libc++";
				CLANG_ENABLE_MODULES = YES;
				CLANG_ENABLE_OBJC_ARC = YES;
				CLANG_WARN_BOOL_CONVERSION = YES;
				CLANG_WARN_CONSTANT_CONVERSION = YES;
				CLANG_WARN_DIRECT_OBJC_ISA_USAGE = YES_ERROR;
				CLANG_WARN_EMPTY_BODY = YES;
				CLANG_WARN_ENUM_CONVERSION = YES;
				CLANG_WARN_INT_CONVERSION = YES;
				CLANG_WARN_OBJC_ROOT_CLASS = YES_ERROR;
				CLANG_WARN_UNREACHABLE_CODE = YES;
				CLANG_WARN__DUPLICATE_METHOD_MATCH = YES;
				"CODE_SIGN_IDENTITY[sdk=iphoneos*]" = "iPhone Developer";
				COPY_PHASE_STRIP = NO;
				DEBUG_INFORMATION_FORMAT = "dwarf-with-dsym";
				ENABLE_NS_ASSERTIONS = NO;
				ENABLE_STRICT_OBJC_MSGSEND = YES;
				GCC_C_LANGUAGE_STANDARD = gnu99;
				GCC_NO_COMMON_BLOCKS = YES;
				GCC_WARN_64_TO_32_BIT_CONVERSION = YES;
				GCC_WARN_ABOUT_RETURN_TYPE = YES_ERROR;
				GCC_WARN_UNDECLARED_SELECTOR = YES;
				GCC_WARN_UNINITIALIZED_AUTOS = YES_AGGRESSIVE;
				GCC_WARN_UNUSED_FUNCTION = YES;
				GCC_WARN_UNUSED_VARIABLE = YES;
				IPHONEOS_DEPLOYMENT_TARGET = 9.3;
				MTL_ENABLE_DEBUG_INFO = NO;
				SDKROOT = iphoneos;
				VALIDATE_PRODUCT = YES;
			};
			name = Release;
		};
		42C742F51D506DC700DC751A /* Debug */ = {
			isa = XCBuildConfiguration;
			buildSettings = {
				ASSETCATALOG_COMPILER_APPICON_NAME = AppIcon;
				INFOPLIST_FILE = "Tipsy iOS App/Info.plist";
				LD_RUNPATH_SEARCH_PATHS = "$(inherited) @executable_path/Frameworks";
				PRODUCT_BUNDLE_IDENTIFIER = "mycompany.Tipsy-iOS-App";
				PRODUCT_NAME = "$(TARGET_NAME)";
			};
			name = Debug;
		};
		42C742F61D506DC700DC751A /* Release */ = {
			isa = XCBuildConfiguration;
			buildSettings = {
				ASSETCATALOG_COMPILER_APPICON_NAME = AppIcon;
				INFOPLIST_FILE = "Tipsy iOS App/Info.plist";
				LD_RUNPATH_SEARCH_PATHS = "$(inherited) @executable_path/Frameworks";
				PRODUCT_BUNDLE_IDENTIFIER = "mycompany.Tipsy-iOS-App";
				PRODUCT_NAME = "$(TARGET_NAME)";
			};
			name = Release;
		};
/* End XCBuildConfiguration section */

/* Begin XCConfigurationList section */
		42C742DD1D506DC600DC751A /* Build configuration list for PBXProject "Tipsy iOS App" */ = {
			isa = XCConfigurationList;
			buildConfigurations = (
				42C742F21D506DC700DC751A /* Debug */,
				42C742F31D506DC700DC751A /* Release */,
			);
			defaultConfigurationIsVisible = 0;
			defaultConfigurationName = Release;
		};
		42C742F41D506DC700DC751A /* Build configuration list for PBXNativeTarget "Tipsy iOS App" */ = {
			isa = XCConfigurationList;
			buildConfigurations = (
				42C742F51D506DC700DC751A /* Debug */,
				42C742F61D506DC700DC751A /* Release */,
			);
			defaultConfigurationIsVisible = 0;
			defaultConfigurationName = Release;
		};
/* End XCConfigurationList section */
	};
	rootObject = 42C742DA1D506DC600DC751A /* Project object */;
}
